{
  "nodes": {
    "nixpkgs": {
      "locked": {
        "lastModified": 1744440957,
        "narHash": "sha256-FHlSkNqFmPxPJvy+6fNLaNeWnF1lZSgqVCl/eWaJRc4=",
        "owner": "NixOS",
        "repo": "nixpkgs",
        "rev": "26d499fc9f1d567283d5d56fcf367edd815dba1d",
        "type": "github"
      },
      "original": {
        "owner": "NixOS",
        "ref": "nixos-24.11",
        "repo": "nixpkgs",
        "type": "github"
      }
    },
    "root": {
      "inputs": {
        "nixpkgs": "nixpkgs"
      }
    }
  },
  "root": "root",
  "version": 7
}
